
Microsoft Visual Studio Solution File, Format Version 12.00
# Visual Studio Version 17
VisualStudioVersion = 17.8.34309.116
MinimumVisualStudioVersion = 10.0.40219.1
Project("{FAE04EC0-301F-11D3-BF4B-00C04F79EFBC}") = "Maus.Web", "Maus.Web\Maus.Web.csproj", "{582DE473-3B10-4608-B1CE-07C464D18E05}"
EndProject
Global
	GlobalSection(SolutionConfigurationPlatforms) = preSolution
		Debug|Any CPU = Debug|Any CPU
		Release|Any CPU = Release|Any CPU
	EndGlobalSection
	GlobalSection(ProjectConfigurationPlatforms) = postSolution
		{582DE473-3B10-4608-B1CE-07C464D18E05}.Debug|Any CPU.ActiveCfg = Debug|Any CPU
		{582DE473-3B10-4608-B1CE-07C464D18E05}.Debug|Any CPU.Build.0 = Debug|Any CPU
		{582DE473-3B10-4608-B1CE-07C464D18E05}.Release|Any CPU.ActiveCfg = Release|Any CPU
		{582DE473-3B10-4608-B1CE-07C464D18E05}.Release|Any CPU.Build.0 = Release|Any CPU
	EndGlobalSection
	GlobalSection(SolutionProperties) = preSolution
		HideSolutionNode = FALSE
	EndGlobalSection
	GlobalSection(ExtensibilityGlobals) = postSolution
		SolutionGuid = {D530B01E-5F71-4E01-8293-A992A60FD69C}
	EndGlobalSection
EndGlobal
